
Microsoft Visual Studio Solution File, Format Version 12.00
# Visual Studio 15
VisualStudioVersion = 15.0.28307.1401
MinimumVisualStudioVersion = 10.0.40219.1
Project("{FAE04EC0-301F-11D3-BF4B-00C04F79EFBC}") = "NorthWind.Entities", "NorthWind.Entities\NorthWind.Entities.csproj", "{7BAD091D-2907-4B04-B535-A93AEC22461C}"
EndProject
Project("{FAE04EC0-301F-11D3-BF4B-00C04F79EFBC}") = "NorthWind.DataAccess", "NorthWind.DataAccess\NorthWind.DataAccess.csproj", "{19C3BCF2-D474-4FA4-93AE-308FA18149B6}"
EndProject
Project("{FAE04EC0-301F-11D3-BF4B-00C04F79EFBC}") = "NorthWind.Business", "NorthWind.Business\NorthWind.Business.csproj", "{37FE0EFF-9DA8-445F-8DB8-3A1307BDF982}"
EndProject
Project("{FAE04EC0-301F-11D3-BF4B-00C04F79EFBC}") = "NorthWind.WebFormsUI", "NorthWind.WebFormsUI\NorthWind.WebFormsUI.csproj", "{71341047-ADA1-4D3F-AE6B-FA8537A65436}"
EndProject
Global
	GlobalSection(SolutionConfigurationPlatforms) = preSolution
		Debug|Any CPU = Debug|Any CPU
		Release|Any CPU = Release|Any CPU
	EndGlobalSection
	GlobalSection(ProjectConfigurationPlatforms) = postSolution
		{7BAD091D-2907-4B04-B535-A93AEC22461C}.Debug|Any CPU.ActiveCfg = Debug|Any CPU
		{7BAD091D-2907-4B04-B535-A93AEC22461C}.Debug|Any CPU.Build.0 = Debug|Any CPU
		{7BAD091D-2907-4B04-B535-A93AEC22461C}.Release|Any CPU.ActiveCfg = Release|Any CPU
		{7BAD091D-2907-4B04-B535-A93AEC22461C}.Release|Any CPU.Build.0 = Release|Any CPU
		{19C3BCF2-D474-4FA4-93AE-308FA18149B6}.Debug|Any CPU.ActiveCfg = Debug|Any CPU
		{19C3BCF2-D474-4FA4-93AE-308FA18149B6}.Debug|Any CPU.Build.0 = Debug|Any CPU
		{19C3BCF2-D474-4FA4-93AE-308FA18149B6}.Release|Any CPU.ActiveCfg = Release|Any CPU
		{19C3BCF2-D474-4FA4-93AE-308FA18149B6}.Release|Any CPU.Build.0 = Release|Any CPU
		{37FE0EFF-9DA8-445F-8DB8-3A1307BDF982}.Debug|Any CPU.ActiveCfg = Debug|Any CPU
		{37FE0EFF-9DA8-445F-8DB8-3A1307BDF982}.Debug|Any CPU.Build.0 = Debug|Any CPU
		{37FE0EFF-9DA8-445F-8DB8-3A1307BDF982}.Release|Any CPU.ActiveCfg = Release|Any CPU
		{37FE0EFF-9DA8-445F-8DB8-3A1307BDF982}.Release|Any CPU.Build.0 = Release|Any CPU
		{71341047-ADA1-4D3F-AE6B-FA8537A65436}.Debug|Any CPU.ActiveCfg = Debug|Any CPU
		{71341047-ADA1-4D3F-AE6B-FA8537A65436}.Debug|Any CPU.Build.0 = Debug|Any CPU
		{71341047-ADA1-4D3F-AE6B-FA8537A65436}.Release|Any CPU.ActiveCfg = Release|Any CPU
		{71341047-ADA1-4D3F-AE6B-FA8537A65436}.Release|Any CPU.Build.0 = Release|Any CPU
	EndGlobalSection
	GlobalSection(SolutionProperties) = preSolution
		HideSolutionNode = FALSE
	EndGlobalSection
	GlobalSection(ExtensibilityGlobals) = postSolution
		SolutionGuid = {22CE6247-9DC8-4CFA-895D-C632FF65DF00}
	EndGlobalSection
EndGlobal
